{
  "name": "mcpservers",
  "version": "1.0.0",
  "lockfileVersion": 3,
  "requires": true,
  "packages": {
    "": {
      "name": "mcpservers",
      "version": "1.0.0",
      "license": "MIT",
      "workspaces": [
        "packages/*"
      ]
    },
    "packages/argilla-mcp-server": {
      "name": "@mcphub/argilla-mcp-server",
      "version": "1.0.0",
      "extraneous": true,
      "dependencies": {
        "@modelcontextprotocol/sdk": "^1.0.0"
      },
      "bin": {
        "argilla-mcp-server": "dist/index.js"
      },
      "devDependencies": {
        "@types/node": "^22.0.0",
        "tsx": "^4.19.0",
        "typescript": "^5.7.0"
      }
    },
    "packages/calcom-mcp-server": {
      "name": "@mcphub/calcom-mcp-server",
      "version": "1.0.0",
      "extraneous": true,
      "dependencies": {
        "@modelcontextprotocol/sdk": "^1.0.0"
      },
      "devDependencies": {
        "@types/node": "^20.0.0",
        "typescript": "^5.3.0"
      }
    },
    "packages/camunda-mcp-server": {
      "name": "@mcphub/camunda-mcp-server",
      "version": "1.0.0",
      "extraneous": true,
      "license": "MIT",
      "dependencies": {
        "@modelcontextprotocol/sdk": "^1.0.0"
      },
      "bin": {
        "camunda-mcp": "dist/index.js"
      },
      "devDependencies": {
        "@types/node": "^22.0.0",
        "tsx": "^4.19.0",
        "typescript": "^5.7.0"
      }
    },
    "packages/cognitive-memory-mcp-server": {
      "name": "@mcphub/cognitive-memory-mcp-server",
      "version": "1.0.0",
      "extraneous": true,
      "dependencies": {
        "@modelcontextprotocol/sdk": "^1.0.0"
      },
      "bin": {
        "cognitive-memory-mcp-server": "dist/index.js"
      },
      "devDependencies": {
        "typescript": "^5.5.0"
      }
    },
    "packages/erpnext-mcp-server": {
      "name": "@mcphub/erpnext-mcp-server",
      "version": "1.0.0",
      "extraneous": true,
      "dependencies": {
        "@modelcontextprotocol/sdk": "^1.0.0",
        "axios": "^1.7.0"
      },
      "bin": {
        "erpnext-mcp-server": "dist/index.js"
      },
      "devDependencies": {
        "@types/node": "^20.0.0",
        "tsx": "^4.0.0",
        "typescript": "^5.0.0"
      }
    },
    "packages/evidently-mcp-server": {
      "name": "@mcphub/evidently-mcp-server",
      "version": "1.0.0",
      "extraneous": true,
      "dependencies": {
        "@modelcontextprotocol/sdk": "^1.0.0"
      },
      "bin": {
        "evidently-mcp-server": "dist/index.js"
      },
      "devDependencies": {
        "@types/node": "^22.0.0",
        "tsx": "^4.19.0",
        "typescript": "^5.7.0"
      }
    },
    "packages/evolution-mcp-server": {
      "name": "@mcphub/evolution-mcp-server",
      "version": "1.0.0",
      "extraneous": true,
      "dependencies": {
        "@modelcontextprotocol/sdk": "^1.0.0"
      },
      "devDependencies": {
        "@types/node": "^22.0.0",
        "tsx": "^4.19.0",
        "typescript": "^5.7.0"
      }
    },
    "packages/glitchtip-mcp-server": {
      "name": "@mcphub/glitchtip-mcp-server",
      "version": "1.0.0",
      "extraneous": true,
      "license": "MIT",
      "dependencies": {
        "@modelcontextprotocol/sdk": "^1.0.0"
      },
      "bin": {
        "glitchtip-mcp": "dist/index.js"
      },
      "devDependencies": {
        "@types/node": "^22.0.0",
        "tsx": "^4.19.0",
        "typescript": "^5.7.0"
      }
    },
    "packages/google-maps-mcp-server": {
      "name": "@mcphub/google-maps-mcp-server",
      "version": "1.0.0",
      "extraneous": true,
      "license": "MIT",
      "dependencies": {
        "@modelcontextprotocol/sdk": "^1.12.1"
      },
      "bin": {
        "google-maps-mcp": "dist/index.js"
      },
      "devDependencies": {
        "@types/node": "^22.0.0",
        "typescript": "^5.7.0"
      }
    },
    "packages/grafana-mcp-server": {
      "name": "@mcphub/grafana-mcp-server",
      "version": "1.0.0",
      "extraneous": true,
      "dependencies": {
        "@modelcontextprotocol/sdk": "^1.0.0"
      },
      "bin": {
        "grafana-mcp-server": "dist/index.js"
      },
      "devDependencies": {
        "@types/node": "^20.0.0",
        "typescript": "^5.3.0"
      }
    },
    "packages/lago-mcp-server": {
      "name": "@mcphub/lago-mcp-server",
      "version": "1.0.0",
      "extraneous": true,
      "dependencies": {
        "@modelcontextprotocol/sdk": "^1.0.0"
      },
      "bin": {
        "lago-mcp-server": "dist/index.js"
      },
      "devDependencies": {
        "@types/node": "^20.0.0",
        "typescript": "^5.3.0"
      }
    },
    "packages/langflow-mcp-server": {
      "name": "@mcphub/langflow-mcp-server",
      "version": "1.0.0",
      "extraneous": true,
      "license": "MIT",
      "dependencies": {
        "@modelcontextprotocol/sdk": "^1.0.0"
      },
      "bin": {
        "langflow-mcp": "dist/index.js"
      },
      "devDependencies": {
        "@types/node": "^22.0.0",
        "tsx": "^4.19.0",
        "typescript": "^5.7.0"
      }
    },
    "packages/liferay-mcp-server": {
      "name": "@mcphub/liferay-mcp-server",
      "version": "1.0.0",
      "extraneous": true,
      "dependencies": {
        "@modelcontextprotocol/sdk": "^1.0.0"
      },
      "bin": {
        "liferay-mcp-server": "dist/index.js"
      },
      "devDependencies": {
        "@types/node": "^22.0.0",
        "tsx": "^4.19.0",
        "typescript": "^5.7.0"
      }
    },
    "packages/limesurvey-mcp-server": {
      "name": "@mcphub/limesurvey-mcp-server",
      "version": "1.0.0",
      "extraneous": true,
      "dependencies": {
        "@modelcontextprotocol/sdk": "^1.0.0"
      },
      "bin": {
        "limesurvey-mcp-server": "dist/index.js"
      },
      "devDependencies": {
        "@types/node": "^22.0.0",
        "tsx": "^4.19.0",
        "typescript": "^5.7.0"
      }
    },
    "packages/litellm-mcp-server": {
      "name": "@mcphub/litellm-mcp-server",
      "version": "1.0.0",
      "extraneous": true,
      "license": "MIT",
      "dependencies": {
        "@modelcontextprotocol/sdk": "^1.0.0"
      },
      "bin": {
        "litellm-mcp": "dist/index.js"
      },
      "devDependencies": {
        "@types/node": "^22.0.0",
        "tsx": "^4.19.0",
        "typescript": "^5.7.0"
      }
    },
    "packages/marquez-mcp-server": {
      "name": "@mcphub/marquez-mcp-server",
      "version": "1.0.0",
      "extraneous": true,
      "dependencies": {
        "@modelcontextprotocol/sdk": "^1.0.0"
      },
      "devDependencies": {
        "@types/node": "^22.0.0",
        "tsx": "^4.19.0",
        "typescript": "^5.7.0"
      }
    },
    "packages/matomo-mcp-server": {
      "name": "@mcphub/matomo-mcp-server",
      "version": "1.0.0",
      "extraneous": true,
      "dependencies": {
        "@modelcontextprotocol/sdk": "^1.0.0"
      },
      "bin": {
        "matomo-mcp-server": "dist/index.js"
      },
      "devDependencies": {
        "@types/node": "^20.0.0",
        "typescript": "^5.3.0"
      }
    },
    "packages/mautic-mcp-server": {
      "name": "@mcphub/mautic-mcp-server",
      "version": "1.0.0",
      "extraneous": true,
      "license": "MIT",
      "dependencies": {
        "@modelcontextprotocol/sdk": "^1.0.0"
      },
      "bin": {
        "mautic-mcp": "dist/index.js"
      },
      "devDependencies": {
        "@types/node": "^22.0.0",
        "tsx": "^4.19.0",
        "typescript": "^5.7.0"
      }
    },
    "packages/mlflow-mcp-server": {
      "name": "@mcphub/mlflow-mcp-server",
      "version": "1.0.0",
      "extraneous": true,
      "dependencies": {
        "@modelcontextprotocol/sdk": "^1.0.0"
      },
      "bin": {
        "mlflow-mcp-server": "dist/index.js"
      },
      "devDependencies": {
        "@types/node": "^22.0.0",
        "tsx": "^4.19.0",
        "typescript": "^5.7.0"
      }
    },
    "packages/n8n-mcp-server": {
      "name": "@mcphub/n8n-mcp-server",
      "version": "1.0.0",
      "extraneous": true,
      "license": "MIT",
      "dependencies": {
        "@modelcontextprotocol/sdk": "^1.0.0"
      },
      "bin": {
        "n8n-mcp": "dist/index.js"
      },
      "devDependencies": {
        "@types/node": "^22.0.0",
        "tsx": "^4.19.0",
        "typescript": "^5.7.0"
      }
    },
    "packages/nextcloud-mcp-server": {
      "name": "@mcphub/nextcloud-mcp-server",
      "version": "1.0.0",
      "extraneous": true,
      "dependencies": {
        "@modelcontextprotocol/sdk": "^1.0.0"
      },
      "bin": {
        "nextcloud-mcp-server": "dist/index.js"
      },
      "devDependencies": {
        "@types/node": "^22.0.0",
        "tsx": "^4.19.0",
        "typescript": "^5.7.0"
      }
    },
    "packages/nocodb-mcp-server": {
      "name": "@mcphub/nocodb-mcp-server",
      "version": "1.0.0",
      "extraneous": true,
      "dependencies": {
        "@modelcontextprotocol/sdk": "^1.0.0"
      },
      "devDependencies": {
        "@types/node": "^20.10.0",
        "typescript": "^5.3.0"
      }
    },
    "packages/opa-mcp-server": {
      "name": "@mcphub/opa-mcp-server",
      "version": "1.0.0",
      "extraneous": true,
      "dependencies": {
        "@modelcontextprotocol/sdk": "^1.0.0"
      },
      "bin": {
        "opa-mcp-server": "dist/index.js"
      },
      "devDependencies": {
        "@types/node": "^22.0.0",
        "tsx": "^4.19.0",
        "typescript": "^5.7.0"
      }
    },
    "packages/postiz-mcp-server": {
      "name": "@mcphub/postiz-mcp-server",
      "version": "1.0.0",
      "extraneous": true,
      "dependencies": {
        "@modelcontextprotocol/sdk": "^1.0.0"
      },
      "devDependencies": {
        "@types/node": "^22.0.0",
        "tsx": "^4.19.0",
        "typescript": "^5.7.0"
      }
    },
    "packages/qdrant-mcp-server": {
      "name": "@mcphub/qdrant-mcp-server",
      "version": "1.0.0",
      "extraneous": true,
      "dependencies": {
        "@modelcontextprotocol/sdk": "^1.0.0"
      },
      "devDependencies": {
        "@types/node": "^22.0.0",
        "tsx": "^4.19.0",
        "typescript": "^5.7.0"
      }
    },
    "packages/searxng-mcp-server": {
      "name": "@mcphub/searxng-mcp-server",
      "version": "1.0.0",
      "extraneous": true,
      "license": "MIT",
      "dependencies": {
        "@modelcontextprotocol/sdk": "^1.0.0"
      },
      "bin": {
        "searxng-mcp": "dist/index.js"
      },
      "devDependencies": {
        "@types/node": "^22.0.0",
        "tsx": "^4.19.0",
        "typescript": "^5.7.0"
      }
    },
    "packages/skyvern-mcp-server": {
      "name": "@mcphub/skyvern-mcp-server",
      "version": "1.0.0",
      "extraneous": true,
      "license": "MIT",
      "dependencies": {
        "@modelcontextprotocol/sdk": "^1.0.0"
      },
      "bin": {
        "skyvern-mcp": "dist/index.js"
      },
      "devDependencies": {
        "@types/node": "^22.0.0",
        "tsx": "^4.19.0",
        "typescript": "^5.7.0"
      }
    },
    "packages/stalwart-mcp-server": {
      "name": "@mcphub/stalwart-mcp-server",
      "version": "1.0.0",
      "extraneous": true,
      "license": "MIT",
      "dependencies": {
        "@modelcontextprotocol/sdk": "^1.0.0"
      },
      "bin": {
        "stalwart-mcp": "dist/index.js"
      },
      "devDependencies": {
        "@types/node": "^22.0.0",
        "tsx": "^4.19.0",
        "typescript": "^5.7.0"
      }
    },
    "packages/surrealdb-mcp-server": {
      "name": "@mcphub/surrealdb-mcp-server",
      "version": "1.0.0",
      "extraneous": true,
      "dependencies": {
        "@modelcontextprotocol/sdk": "^1.0.0"
      },
      "devDependencies": {
        "@types/node": "^22.0.0",
        "tsx": "^4.19.0",
        "typescript": "^5.7.0"
      }
    },
    "packages/temporal-mcp-server": {
      "name": "@mcphub/temporal-mcp-server",
      "version": "1.0.0",
      "extraneous": true,
      "license": "MIT",
      "dependencies": {
        "@modelcontextprotocol/sdk": "^1.0.0"
      },
      "bin": {
        "temporal-mcp": "dist/index.js"
      },
      "devDependencies": {
        "@types/node": "^22.0.0",
        "tsx": "^4.19.0",
        "typescript": "^5.7.0"
      }
    },
    "packages/tuwunel-mcp-server": {
      "name": "@mcphub/tuwunel-mcp-server",
      "version": "1.0.0",
      "extraneous": true,
      "dependencies": {
        "@modelcontextprotocol/sdk": "^1.0.0"
      },
      "devDependencies": {
        "@types/node": "^22.0.0",
        "tsx": "^4.19.0",
        "typescript": "^5.7.0"
      }
    },
    "packages/typebot-mcp-server": {
      "name": "@mcphub/typebot-mcp-server",
      "version": "1.0.0",
      "extraneous": true,
      "license": "MIT",
      "dependencies": {
        "@modelcontextprotocol/sdk": "^1.0.0"
      },
      "bin": {
        "typebot-mcp": "dist/index.js"
      },
      "devDependencies": {
        "@types/node": "^22.0.0",
        "tsx": "^4.19.0",
        "typescript": "^5.7.0"
      }
    },
    "packages/uptime-kuma-mcp-server": {
      "name": "@mcphub/uptime-kuma-mcp-server",
      "version": "1.0.0",
      "extraneous": true,
      "dependencies": {
        "@modelcontextprotocol/sdk": "^1.0.0"
      },
      "devDependencies": {
        "@types/node": "^22.0.0",
        "tsx": "^4.19.0",
        "typescript": "^5.7.0"
      }
    },
    "packages/woocommerce-mcp-server": {
      "name": "@mcphub/woocommerce-mcp-server",
      "version": "1.0.0",
      "extraneous": true,
      "dependencies": {
        "@modelcontextprotocol/sdk": "^1.0.0"
      },
      "devDependencies": {
        "@types/node": "^22.0.0",
        "tsx": "^4.19.0",
        "typescript": "^5.7.0"
      }
    },
    "packages/wuzapi-mcp-server": {
      "name": "@mcphub/wuzapi-mcp-server",
      "version": "1.0.0",
      "extraneous": true,
      "dependencies": {
        "@modelcontextprotocol/sdk": "^1.0.0"
      },
      "devDependencies": {
        "@types/node": "^22.0.0",
        "tsx": "^4.19.0",
        "typescript": "^5.7.0"
      }
    },
    "packages/zabbix-mcp-server": {
      "name": "@mcphub/zabbix-mcp-server",
      "version": "1.0.0",
      "extraneous": true,
      "license": "MIT",
      "dependencies": {
        "@modelcontextprotocol/sdk": "^1.0.0"
      },
      "bin": {
        "zabbix-mcp": "dist/index.js"
      },
      "devDependencies": {
        "@types/node": "^22.0.0",
        "tsx": "^4.19.0",
        "typescript": "^5.7.0"
      }
    }
  }
}
